# This file is automatically @generated by Poetry and should not be changed by hand.

[[package]]
name = "attrs"
version = "22.2.0"
description = "Classes Without Boilerplate"
category = "main"
optional = false
python-versions = ">=3.6"
files = [
    {file = "attrs-22.2.0-py3-none-any.whl", hash = "sha256:29e95c7f6778868dbd49170f98f8818f78f3dc5e0e37c0b1f474e3561b240836"},
    {file = "attrs-22.2.0.tar.gz", hash = "sha256:c9227bfc2f01993c03f68db37d1d15c9690188323c067c641f1a35ca58185f99"},
]

[package.extras]
cov = ["attrs[tests]", "coverage-enable-subprocess", "coverage[toml] (>=5.3)"]
dev = ["attrs[docs,tests]"]
docs = ["furo", "myst-parser", "sphinx", "sphinx-notfound-page", "sphinxcontrib-towncrier", "towncrier", "zope.interface"]
tests = ["attrs[tests-no-zope]", "zope.interface"]
tests-no-zope = ["cloudpickle", "cloudpickle", "hypothesis", "hypothesis", "mypy (>=0.971,<0.990)", "mypy (>=0.971,<0.990)", "pympler", "pympler", "pytest (>=4.3.0)", "pytest (>=4.3.0)", "pytest-mypy-plugins", "pytest-mypy-plugins", "pytest-xdist[psutil]", "pytest-xdist[psutil]"]

[[package]]
name = "black"
version = "23.1.0"
description = "The uncompromising code formatter."
category = "dev"
optional = false
python-versions = ">=3.7"
files = [
    {file = "black-23.1.0-cp310-cp310-macosx_10_16_arm64.whl", hash = "sha256:b6a92a41ee34b883b359998f0c8e6eb8e99803aa8bf3123bf2b2e6fec505a221"},
    {file = "black-23.1.0-cp310-cp310-macosx_10_16_universal2.whl", hash = "sha256:57c18c5165c1dbe291d5306e53fb3988122890e57bd9b3dcb75f967f13411a26"},
    {file = "black-23.1.0-cp310-cp310-macosx_10_16_x86_64.whl", hash = "sha256:9880d7d419bb7e709b37e28deb5e68a49227713b623c72b2b931028ea65f619b"},
    {file = "black-23.1.0-cp310-cp310-manylinux_2_17_x86_64.manylinux2014_x86_64.whl", hash = "sha256:e6663f91b6feca5d06f2ccd49a10f254f9298cc1f7f49c46e498a0771b507104"},
    {file = "black-23.1.0-cp310-cp310-win_amd64.whl", hash = "sha256:9afd3f493666a0cd8f8df9a0200c6359ac53940cbde049dcb1a7eb6ee2dd7074"},
    {file = "black-23.1.0-cp311-cp311-macosx_10_16_arm64.whl", hash = "sha256:bfffba28dc52a58f04492181392ee380e95262af14ee01d4bc7bb1b1c6ca8d27"},
    {file = "black-23.1.0-cp311-cp311-macosx_10_16_universal2.whl", hash = "sha256:c1c476bc7b7d021321e7d93dc2cbd78ce103b84d5a4cf97ed535fbc0d6660648"},
    {file = "black-23.1.0-cp311-cp311-macosx_10_16_x86_64.whl", hash = "sha256:382998821f58e5c8238d3166c492139573325287820963d2f7de4d518bd76958"},
    {file = "black-23.1.0-cp311-cp311-manylinux_2_17_x86_64.manylinux2014_x86_64.whl", hash = "sha256:2bf649fda611c8550ca9d7592b69f0637218c2369b7744694c5e4902873b2f3a"},
    {file = "black-23.1.0-cp311-cp311-win_amd64.whl", hash = "sha256:121ca7f10b4a01fd99951234abdbd97728e1240be89fde18480ffac16503d481"},
    {file = "black-23.1.0-cp37-cp37m-macosx_10_16_x86_64.whl", hash = "sha256:a8471939da5e824b891b25751955be52ee7f8a30a916d570a5ba8e0f2eb2ecad"},
    {file = "black-23.1.0-cp37-cp37m-manylinux_2_17_x86_64.manylinux2014_x86_64.whl", hash = "sha256:8178318cb74f98bc571eef19068f6ab5613b3e59d4f47771582f04e175570ed8"},
    {file = "black-23.1.0-cp37-cp37m-win_amd64.whl", hash = "sha256:a436e7881d33acaf2536c46a454bb964a50eff59b21b51c6ccf5a40601fbef24"},
    {file = "black-23.1.0-cp38-cp38-macosx_10_16_arm64.whl", hash = "sha256:a59db0a2094d2259c554676403fa2fac3473ccf1354c1c63eccf7ae65aac8ab6"},
    {file = "black-23.1.0-cp38-cp38-macosx_10_16_universal2.whl", hash = "sha256:0052dba51dec07ed029ed61b18183942043e00008ec65d5028814afaab9a22fd"},
    {file = "black-23.1.0-cp38-cp38-macosx_10_16_x86_64.whl", hash = "sha256:49f7b39e30f326a34b5c9a4213213a6b221d7ae9d58ec70df1c4a307cf2a1580"},
    {file = "black-23.1.0-cp38-cp38-manylinux_2_17_x86_64.manylinux2014_x86_64.whl", hash = "sha256:162e37d49e93bd6eb6f1afc3e17a3d23a823042530c37c3c42eeeaf026f38468"},
    {file = "black-23.1.0-cp38-cp38-win_amd64.whl", hash = "sha256:8b70eb40a78dfac24842458476135f9b99ab952dd3f2dab738c1881a9b38b753"},
    {file = "black-23.1.0-cp39-cp39-macosx_10_16_arm64.whl", hash = "sha256:a29650759a6a0944e7cca036674655c2f0f63806ddecc45ed40b7b8aa314b651"},
    {file = "black-23.1.0-cp39-cp39-macosx_10_16_universal2.whl", hash = "sha256:bb460c8561c8c1bec7824ecbc3ce085eb50005883a6203dcfb0122e95797ee06"},
    {file = "black-23.1.0-cp39-cp39-macosx_10_16_x86_64.whl", hash = "sha256:c91dfc2c2a4e50df0026f88d2215e166616e0c80e86004d0003ece0488db2739"},
    {file = "black-23.1.0-cp39-cp39-manylinux_2_17_x86_64.manylinux2014_x86_64.whl", hash = "sha256:2a951cc83ab535d248c89f300eccbd625e80ab880fbcfb5ac8afb5f01a258ac9"},
    {file = "black-23.1.0-cp39-cp39-win_amd64.whl", hash = "sha256:0680d4380db3719ebcfb2613f34e86c8e6d15ffeabcf8ec59355c5e7b85bb555"},
    {file = "black-23.1.0-py3-none-any.whl", hash = "sha256:7a0f701d314cfa0896b9001df70a530eb2472babb76086344e688829efd97d32"},
    {file = "black-23.1.0.tar.gz", hash = "sha256:b0bd97bea8903f5a2ba7219257a44e3f1f9d00073d6cc1add68f0beec69692ac"},
]

[package.dependencies]
click = ">=8.0.0"
mypy-extensions = ">=0.4.3"
packaging = ">=22.0"
pathspec = ">=0.9.0"
platformdirs = ">=2"
tomli = {version = ">=1.1.0", markers = "python_version < \"3.11\""}

[package.extras]
colorama = ["colorama (>=0.4.3)"]
d = ["aiohttp (>=3.7.4)"]
jupyter = ["ipython (>=7.8.0)", "tokenize-rt (>=3.2.0)"]
uvloop = ["uvloop (>=0.15.2)"]

[[package]]
name = "click"
version = "8.1.3"
description = "Composable command line interface toolkit"
category = "dev"
optional = false
python-versions = ">=3.7"
files = [
    {file = "click-8.1.3-py3-none-any.whl", hash = "sha256:bb4d8133cb15a609f44e8213d9b391b0809795062913b383c62be0ee95b1db48"},
    {file = "click-8.1.3.tar.gz", hash = "sha256:7682dc8afb30297001674575ea00d1814d808d6a36af415a82bd481d37ba7b8e"},
]

[package.dependencies]
colorama = {version = "*", markers = "platform_system == \"Windows\""}

[[package]]
name = "colorama"
version = "0.4.6"
description = "Cross-platform colored terminal text."
category = "dev"
optional = false
python-versions = "!=3.0.*,!=3.1.*,!=3.2.*,!=3.3.*,!=3.4.*,!=3.5.*,!=3.6.*,>=2.7"
files = [
    {file = "colorama-0.4.6-py2.py3-none-any.whl", hash = "sha256:4f1d9991f5acc0ca119f9d443620b77f9d6b33703e51011c16baf57afb285fc6"},
    {file = "colorama-0.4.6.tar.gz", hash = "sha256:08695f5cb7ed6e0531a20572697297273c47b8cae5a63ffc6d6ed5c201be6e44"},
]

[[package]]
name = "jsonschema"
version = "4.17.3"
description = "An implementation of JSON Schema validation for Python"
category = "main"
optional = false
python-versions = ">=3.7"
files = [
    {file = "jsonschema-4.17.3-py3-none-any.whl", hash = "sha256:a870ad254da1a8ca84b6a2905cac29d265f805acc57af304784962a2aa6508f6"},
    {file = "jsonschema-4.17.3.tar.gz", hash = "sha256:0f864437ab8b6076ba6707453ef8f98a6a0d512a80e93f8abdb676f737ecb60d"},
]

[package.dependencies]
attrs = ">=17.4.0"
pyrsistent = ">=0.14.0,<0.17.0 || >0.17.0,<0.17.1 || >0.17.1,<0.17.2 || >0.17.2"

[package.extras]
format = ["fqdn", "idna", "isoduration", "jsonpointer (>1.13)", "rfc3339-validator", "rfc3987", "uri-template", "webcolors (>=1.11)"]
format-nongpl = ["fqdn", "idna", "isoduration", "jsonpointer (>1.13)", "rfc3339-validator", "rfc3986-validator (>0.1.0)", "uri-template", "webcolors (>=1.11)"]

[[package]]
name = "mypy-extensions"
version = "1.0.0"
description = "Type system extensions for programs checked with the mypy type checker."
category = "dev"
optional = false
python-versions = ">=3.5"
files = [
    {file = "mypy_extensions-1.0.0-py3-none-any.whl", hash = "sha256:4392f6c0eb8a5668a69e23d168ffa70f0be9ccfd32b5cc2d26a34ae5b844552d"},
    {file = "mypy_extensions-1.0.0.tar.gz", hash = "sha256:75dbf8955dc00442a438fc4d0666508a9a97b6bd41aa2f0ffe9d2f2725af0782"},
]

[[package]]
name = "packaging"
version = "23.0"
description = "Core utilities for Python packages"
category = "dev"
optional = false
python-versions = ">=3.7"
files = [
    {file = "packaging-23.0-py3-none-any.whl", hash = "sha256:714ac14496c3e68c99c29b00845f7a2b85f3bb6f1078fd9f72fd20f0570002b2"},
    {file = "packaging-23.0.tar.gz", hash = "sha256:b6ad297f8907de0fa2fe1ccbd26fdaf387f5f47c7275fedf8cce89f99446cf97"},
]

[[package]]
name = "pathspec"
version = "0.11.0"
description = "Utility library for gitignore style pattern matching of file paths."
category = "dev"
optional = false
python-versions = ">=3.7"
files = [
    {file = "pathspec-0.11.0-py3-none-any.whl", hash = "sha256:3a66eb970cbac598f9e5ccb5b2cf58930cd8e3ed86d393d541eaf2d8b1705229"},
    {file = "pathspec-0.11.0.tar.gz", hash = "sha256:64d338d4e0914e91c1792321e6907b5a593f1ab1851de7fc269557a21b30ebbc"},
]

[[package]]
name = "platformdirs"
version = "3.1.0"
description = "A small Python package for determining appropriate platform-specific dirs, e.g. a \"user data dir\"."
category = "dev"
optional = false
python-versions = ">=3.7"
files = [
    {file = "platformdirs-3.1.0-py3-none-any.whl", hash = "sha256:13b08a53ed71021350c9e300d4ea8668438fb0046ab3937ac9a29913a1a1350a"},
    {file = "platformdirs-3.1.0.tar.gz", hash = "sha256:accc3665857288317f32c7bebb5a8e482ba717b474f3fc1d18ca7f9214be0cef"},
]

[package.extras]
docs = ["furo (>=2022.12.7)", "proselint (>=0.13)", "sphinx (>=6.1.3)", "sphinx-autodoc-typehints (>=1.22,!=1.23.4)"]
test = ["appdirs (==1.4.4)", "covdefaults (>=2.2.2)", "pytest (>=7.2.1)", "pytest-cov (>=4)", "pytest-mock (>=3.10)"]

[[package]]
name = "pyrsistent"
version = "0.19.3"
description = "Persistent/Functional/Immutable data structures"
category = "main"
optional = false
python-versions = ">=3.7"
files = [
    {file = "pyrsistent-0.19.3-cp310-cp310-macosx_10_9_universal2.whl", hash = "sha256:20460ac0ea439a3e79caa1dbd560344b64ed75e85d8703943e0b66c2a6150e4a"},
    {file = "pyrsistent-0.19.3-cp310-cp310-manylinux_2_17_aarch64.manylinux2014_aarch64.whl", hash = "sha256:4c18264cb84b5e68e7085a43723f9e4c1fd1d935ab240ce02c0324a8e01ccb64"},
    {file = "pyrsistent-0.19.3-cp310-cp310-manylinux_2_5_i686.manylinux1_i686.manylinux_2_17_i686.manylinux2014_i686.whl", hash = "sha256:4b774f9288dda8d425adb6544e5903f1fb6c273ab3128a355c6b972b7df39dcf"},
    {file = "pyrsistent-0.19.3-cp310-cp310-win32.whl", hash = "sha256:5a474fb80f5e0d6c9394d8db0fc19e90fa540b82ee52dba7d246a7791712f74a"},
    {file = "pyrsistent-0.19.3-cp310-cp310-win_amd64.whl", hash = "sha256:49c32f216c17148695ca0e02a5c521e28a4ee6c5089f97e34fe24163113722da"},
    {file = "pyrsistent-0.19.3-cp311-cp311-macosx_10_9_universal2.whl", hash = "sha256:f0774bf48631f3a20471dd7c5989657b639fd2d285b861237ea9e82c36a415a9"},
    {file = "pyrsistent-0.19.3-cp311-cp311-manylinux_2_17_aarch64.manylinux2014_aarch64.whl", hash = "sha256:3ab2204234c0ecd8b9368dbd6a53e83c3d4f3cab10ecaf6d0e772f456c442393"},
    {file = "pyrsistent-0.19.3-cp311-cp311-manylinux_2_5_i686.manylinux1_i686.manylinux_2_17_i686.manylinux2014_i686.whl", hash = "sha256:e42296a09e83028b3476f7073fcb69ffebac0e66dbbfd1bd847d61f74db30f19"},
    {file = "pyrsistent-0.19.3-cp311-cp311-win32.whl", hash = "sha256:64220c429e42a7150f4bfd280f6f4bb2850f95956bde93c6fda1b70507af6ef3"},
    {file = "pyrsistent-0.19.3-cp311-cp311-win_amd64.whl", hash = "sha256:016ad1afadf318eb7911baa24b049909f7f3bb2c5b1ed7b6a8f21db21ea3faa8"},
    {file = "pyrsistent-0.19.3-cp37-cp37m-macosx_10_9_x86_64.whl", hash = "sha256:c4db1bd596fefd66b296a3d5d943c94f4fac5bcd13e99bffe2ba6a759d959a28"},
    {file = "pyrsistent-0.19.3-cp37-cp37m-manylinux_2_17_aarch64.manylinux2014_aarch64.whl", hash = "sha256:aeda827381f5e5d65cced3024126529ddc4289d944f75e090572c77ceb19adbf"},
    {file = "pyrsistent-0.19.3-cp37-cp37m-manylinux_2_5_i686.manylinux1_i686.manylinux_2_17_i686.manylinux2014_i686.whl", hash = "sha256:42ac0b2f44607eb92ae88609eda931a4f0dfa03038c44c772e07f43e738bcac9"},
    {file = "pyrsistent-0.19.3-cp37-cp37m-win32.whl", hash = "sha256:e8f2b814a3dc6225964fa03d8582c6e0b6650d68a232df41e3cc1b66a5d2f8d1"},
    {file = "pyrsistent-0.19.3-cp37-cp37m-win_amd64.whl", hash = "sha256:c9bb60a40a0ab9aba40a59f68214eed5a29c6274c83b2cc206a359c4a89fa41b"},
    {file = "pyrsistent-0.19.3-cp38-cp38-macosx_10_9_universal2.whl", hash = "sha256:a2471f3f8693101975b1ff85ffd19bb7ca7dd7c38f8a81701f67d6b4f97b87d8"},
    {file = "pyrsistent-0.19.3-cp38-cp38-manylinux_2_17_aarch64.manylinux2014_aarch64.whl", hash = "sha256:cc5d149f31706762c1f8bda2e8c4f8fead6e80312e3692619a75301d3dbb819a"},
    {file = "pyrsistent-0.19.3-cp38-cp38-manylinux_2_5_i686.manylinux1_i686.manylinux_2_17_i686.manylinux2014_i686.whl", hash = "sha256:3311cb4237a341aa52ab8448c27e3a9931e2ee09561ad150ba94e4cfd3fc888c"},
    {file = "pyrsistent-0.19.3-cp38-cp38-win32.whl", hash = "sha256:f0e7c4b2f77593871e918be000b96c8107da48444d57005b6a6bc61fb4331b2c"},
    {file = "pyrsistent-0.19.3-cp38-cp38-win_amd64.whl", hash = "sha256:c147257a92374fde8498491f53ffa8f4822cd70c0d85037e09028e478cababb7"},
    {file = "pyrsistent-0.19.3-cp39-cp39-macosx_10_9_universal2.whl", hash = "sha256:b735e538f74ec31378f5a1e3886a26d2ca6351106b4dfde376a26fc32a044edc"},
    {file = "pyrsistent-0.19.3-cp39-cp39-manylinux_2_17_aarch64.manylinux2014_aarch64.whl", hash = "sha256:99abb85579e2165bd8522f0c0138864da97847875ecbd45f3e7e2af569bfc6f2"},
    {file = "pyrsistent-0.19.3-cp39-cp39-manylinux_2_5_i686.manylinux1_i686.manylinux_2_17_i686.manylinux2014_i686.whl", hash = "sha256:3a8cb235fa6d3fd7aae6a4f1429bbb1fec1577d978098da1252f0489937786f3"},
    {file = "pyrsistent-0.19.3-cp39-cp39-win32.whl", hash = "sha256:c74bed51f9b41c48366a286395c67f4e894374306b197e62810e0fdaf2364da2"},
    {file = "pyrsistent-0.19.3-cp39-cp39-win_amd64.whl", hash = "sha256:878433581fc23e906d947a6814336eee031a00e6defba224234169ae3d3d6a98"},
    {file = "pyrsistent-0.19.3-py3-none-any.whl", hash = "sha256:ccf0d6bd208f8111179f0c26fdf84ed7c3891982f2edaeae7422575f47e66b64"},
    {file = "pyrsistent-0.19.3.tar.gz", hash = "sha256:1a2994773706bbb4995c31a97bc94f1418314923bd1048c6d964837040376440"},
]

[[package]]
name = "tomli"
version = "2.0.1"
description = "A lil' TOML parser"
category = "dev"
optional = false
python-versions = ">=3.7"
files = [
    {file = "tomli-2.0.1-py3-none-any.whl", hash = "sha256:939de3e7a6161af0c887ef91b7d41a53e7c5a1ca976325f429cb46ea9bc30ecc"},
    {file = "tomli-2.0.1.tar.gz", hash = "sha256:de526c12914f0c550d15924c62d72abc48d6fe7364aa87328337a31007fe8a4f"},
]

[metadata]
lock-version = "2.0"
python-versions = "^3.10"
content-hash = "12ff3537342257a31019c27404643636ff1fce89bcd5b6c1d93d7690f4be5d9e"
