
Microsoft Visual Studio Solution File, Format Version 12.00
# Visual Studio Version 16
VisualStudioVersion = 16.0.30002.166
MinimumVisualStudioVersion = 10.0.40219.1
Project("{FAE04EC0-301F-11D3-BF4B-00C04F79EFBC}") = "GoProWebcamViewer", "GoProWebcamViewer.csproj", "{A5FF4FD0-113A-4312-AA45-147107DEB06B}"
EndProject
Global
	GlobalSection(SolutionConfigurationPlatforms) = preSolution
		Debug|Any CPU = Debug|Any CPU
		Release|Any CPU = Release|Any CPU
	EndGlobalSection
	GlobalSection(ProjectConfigurationPlatforms) = postSolution
		{A5FF4FD0-113A-4312-AA45-147107DEB06B}.Debug|Any CPU.ActiveCfg = Debug|Any CPU
		{A5FF4FD0-113A-4312-AA45-147107DEB06B}.Debug|Any CPU.Build.0 = Debug|Any CPU
		{A5FF4FD0-113A-4312-AA45-147107DEB06B}.Release|Any CPU.ActiveCfg = Release|Any CPU
		{A5FF4FD0-113A-4312-AA45-147107DEB06B}.Release|Any CPU.Build.0 = Release|Any CPU
	EndGlobalSection
	GlobalSection(SolutionProperties) = preSolution
		HideSolutionNode = FALSE
	EndGlobalSection
	GlobalSection(ExtensibilityGlobals) = postSolution
		SolutionGuid = {0AE62D15-9618-49CC-A5AA-863F4D95E0A8}
	EndGlobalSection
EndGlobal
